
Microsoft Visual Studio Solution File, Format Version 12.00
# Visual Studio 15
VisualStudioVersion = 15.0.28010.2046
MinimumVisualStudioVersion = 10.0.40219.1
Project("{FAE04EC0-301F-11D3-BF4B-00C04F79EFBC}") = "ShowScraper", "src\ShowScraperApi\ShowScraperApi.csproj", "{7FD0075D-2CB2-4B49-AE18-6185CB22812A}"
EndProject
Global
	GlobalSection(SolutionConfigurationPlatforms) = preSolution
		Debug|Any CPU = Debug|Any CPU
		Release|Any CPU = Release|Any CPU
	EndGlobalSection
	GlobalSection(ProjectConfigurationPlatforms) = postSolution
		{7FD0075D-2CB2-4B49-AE18-6185CB22812A}.Debug|Any CPU.ActiveCfg = Debug|Any CPU
		{7FD0075D-2CB2-4B49-AE18-6185CB22812A}.Debug|Any CPU.Build.0 = Debug|Any CPU
		{7FD0075D-2CB2-4B49-AE18-6185CB22812A}.Release|Any CPU.ActiveCfg = Release|Any CPU
		{7FD0075D-2CB2-4B49-AE18-6185CB22812A}.Release|Any CPU.Build.0 = Release|Any CPU
	EndGlobalSection
	GlobalSection(SolutionProperties) = preSolution
		HideSolutionNode = FALSE
	EndGlobalSection
	GlobalSection(ExtensibilityGlobals) = postSolution
		SolutionGuid = {C37BEEA0-971B-4CDE-83EC-8C690031720F}
	EndGlobalSection
EndGlobal
